{
  "name": "ajs-node",
  "version": "1.0.0",
  "lockfileVersion": 2,
  "requires": true,
  "packages": {
    "": {
      "name": "ajs-node",
      "version": "1.0.0",
      "license": "ISC",
      "dependencies": {
        "@akhukh1/ajs": "^1.0.0"
      }
    },
    "node_modules/@akhukh1/ajs": {
      "version": "1.0.0",
      "resolved": "https://npm.pkg.github.com/download/@akhukh1/ajs/1.0.0/f8335570b200f9553904c9015ea8cf3d10e23f66",
      "integrity": "sha512-iakUW+KNAJNotjRMYBH2gHc/VEE6XymKq6GgL58KhT+ttBJrfLcxqi07tHbsbB0uJUo5VZcLDNMfTv0bOTgTyw==",
      "license": "ISC"
    }
  },
  "dependencies": {
    "@akhukh1/ajs": {
      "version": "1.0.0",
      "resolved": "https://npm.pkg.github.com/download/@akhukh1/ajs/1.0.0/f8335570b200f9553904c9015ea8cf3d10e23f66",
      "integrity": "sha512-iakUW+KNAJNotjRMYBH2gHc/VEE6XymKq6GgL58KhT+ttBJrfLcxqi07tHbsbB0uJUo5VZcLDNMfTv0bOTgTyw=="
    }
  }
}
